{
  "requires": true,
  "lockfileVersion": 1,
  "dependencies": {
    "zmn": {
      "version": "1.0.1",
      "resolved": "https://registry.npmjs.org/zmn/-/zmn-1.0.1.tgz",
      "integrity": "sha512-gV56PQl2wRRa8Wj/RgrAIY3dMnTLTEkfvc75H8SdyRoHZVKTBlNz1TRJzyEAw6tzesMHDUReKhy/FNEjBYm/lQ=="
    }
  }
}
